
Microsoft Visual Studio Solution File, Format Version 12.00
# Visual Studio Version 17
VisualStudioVersion = 17.0.32014.148
MinimumVisualStudioVersion = 10.0.40219.1
Project("{9A19103F-16F7-4668-BE54-9A1E7A4F7556}") = "PlannerApp", "PlannerApp\PlannerApp.csproj", "{EE1C6060-E37E-414C-A6D9-A550F7524D7B}"
EndProject
Project("{9A19103F-16F7-4668-BE54-9A1E7A4F7556}") = "PlannerApp.Shared", "PlannerApp.Shared\PlannerApp.Shared.csproj", "{0805DBBC-30C0-456D-A0BA-6C911EAA23CC}"
EndProject
Project("{9A19103F-16F7-4668-BE54-9A1E7A4F7556}") = "PlannerApp.Client.Services", "PlannerApp.Client.Services\PlannerApp.Client.Services.csproj", "{DD6E535F-B8C9-42ED-BE33-B3234E0CF05C}"
EndProject
Global
	GlobalSection(SolutionConfigurationPlatforms) = preSolution
		Debug|Any CPU = Debug|Any CPU
		Release|Any CPU = Release|Any CPU
	EndGlobalSection
	GlobalSection(ProjectConfigurationPlatforms) = postSolution
		{EE1C6060-E37E-414C-A6D9-A550F7524D7B}.Debug|Any CPU.ActiveCfg = Debug|Any CPU
		{EE1C6060-E37E-414C-A6D9-A550F7524D7B}.Debug|Any CPU.Build.0 = Debug|Any CPU
		{EE1C6060-E37E-414C-A6D9-A550F7524D7B}.Release|Any CPU.ActiveCfg = Release|Any CPU
		{EE1C6060-E37E-414C-A6D9-A550F7524D7B}.Release|Any CPU.Build.0 = Release|Any CPU
		{0805DBBC-30C0-456D-A0BA-6C911EAA23CC}.Debug|Any CPU.ActiveCfg = Debug|Any CPU
		{0805DBBC-30C0-456D-A0BA-6C911EAA23CC}.Debug|Any CPU.Build.0 = Debug|Any CPU
		{0805DBBC-30C0-456D-A0BA-6C911EAA23CC}.Release|Any CPU.ActiveCfg = Release|Any CPU
		{0805DBBC-30C0-456D-A0BA-6C911EAA23CC}.Release|Any CPU.Build.0 = Release|Any CPU
		{DD6E535F-B8C9-42ED-BE33-B3234E0CF05C}.Debug|Any CPU.ActiveCfg = Debug|Any CPU
		{DD6E535F-B8C9-42ED-BE33-B3234E0CF05C}.Debug|Any CPU.Build.0 = Debug|Any CPU
		{DD6E535F-B8C9-42ED-BE33-B3234E0CF05C}.Release|Any CPU.ActiveCfg = Release|Any CPU
		{DD6E535F-B8C9-42ED-BE33-B3234E0CF05C}.Release|Any CPU.Build.0 = Release|Any CPU
	EndGlobalSection
	GlobalSection(SolutionProperties) = preSolution
		HideSolutionNode = FALSE
	EndGlobalSection
	GlobalSection(ExtensibilityGlobals) = postSolution
		SolutionGuid = {86EFB06E-0D99-4C51-A606-15F61679B5F5}
	EndGlobalSection
EndGlobal
